
Microsoft Visual Studio Solution File, Format Version 12.00
# Visual Studio Version 16
VisualStudioVersion = 16.0.31004.235
MinimumVisualStudioVersion = 10.0.40219.1
Project("{FAE04EC0-301F-11D3-BF4B-00C04F79EFBC}") = "Voxeload", "Voxeload\Voxeload.csproj", "{0821FB5C-C444-4E5D-81C5-1550C2B7555C}"
EndProject
Global
	GlobalSection(SolutionConfigurationPlatforms) = preSolution
		Debug|Any CPU = Debug|Any CPU
		Release|Any CPU = Release|Any CPU
	EndGlobalSection
	GlobalSection(ProjectConfigurationPlatforms) = postSolution
		{0821FB5C-C444-4E5D-81C5-1550C2B7555C}.Debug|Any CPU.ActiveCfg = Debug|Any CPU
		{0821FB5C-C444-4E5D-81C5-1550C2B7555C}.Debug|Any CPU.Build.0 = Debug|Any CPU
		{0821FB5C-C444-4E5D-81C5-1550C2B7555C}.Release|Any CPU.ActiveCfg = Release|Any CPU
		{0821FB5C-C444-4E5D-81C5-1550C2B7555C}.Release|Any CPU.Build.0 = Release|Any CPU
	EndGlobalSection
	GlobalSection(SolutionProperties) = preSolution
		HideSolutionNode = FALSE
	EndGlobalSection
	GlobalSection(ExtensibilityGlobals) = postSolution
		SolutionGuid = {1463EFE3-4D61-44ED-85E0-4EDCF37C927A}
	EndGlobalSection
EndGlobal
